
Microsoft Visual Studio Solution File, Format Version 12.00
# Visual Studio 2012
Project("{FAE04EC0-301F-11D3-BF4B-00C04F79EFBC}") = "The_Even_Fibonacci_Sum_Calculator", "The_Even_Fibonacci_Sum_Calculator\The_Even_Fibonacci_Sum_Calculator.csproj", "{589835C8-56F6-472C-8F0B-0FFFE90277EB}"
EndProject
Global
	GlobalSection(SolutionConfigurationPlatforms) = preSolution
		Debug|Any CPU = Debug|Any CPU
		Release|Any CPU = Release|Any CPU
	EndGlobalSection
	GlobalSection(ProjectConfigurationPlatforms) = postSolution
		{589835C8-56F6-472C-8F0B-0FFFE90277EB}.Debug|Any CPU.ActiveCfg = Debug|Any CPU
		{589835C8-56F6-472C-8F0B-0FFFE90277EB}.Debug|Any CPU.Build.0 = Debug|Any CPU
		{589835C8-56F6-472C-8F0B-0FFFE90277EB}.Release|Any CPU.ActiveCfg = Release|Any CPU
		{589835C8-56F6-472C-8F0B-0FFFE90277EB}.Release|Any CPU.Build.0 = Release|Any CPU
	EndGlobalSection
EndGlobal
